
Microsoft Visual Studio Solution File, Format Version 12.00
# Visual Studio Version 17
VisualStudioVersion = 17.3.32929.385
MinimumVisualStudioVersion = 10.0.40219.1
Project("{9A19103F-16F7-4668-BE54-9A1E7A4F7556}") = "Business", "Business\Business.csproj", "{09E60905-5D8D-4D24-B5C4-DCF6E8A49EA8}"
EndProject
Project("{9A19103F-16F7-4668-BE54-9A1E7A4F7556}") = "Core", "Core\Core.csproj", "{116D52FF-2C34-4649-A989-6FDE14A2E563}"
EndProject
Project("{9A19103F-16F7-4668-BE54-9A1E7A4F7556}") = "WebIU", "WebIU\WebIU.csproj", "{CF09F9E2-BAF9-4292-80B0-21D47C4AA5BB}"
EndProject
Project("{9A19103F-16F7-4668-BE54-9A1E7A4F7556}") = "Tools", "Tools\Tools.csproj", "{5683F7F0-C3D3-4E05-A749-365338FBCF77}"
EndProject
Project("{9A19103F-16F7-4668-BE54-9A1E7A4F7556}") = "Entities", "Entities\Entities.csproj", "{8E2E94C0-F22E-4ABA-BE9C-8C2A2441AA57}"
EndProject
Project("{9A19103F-16F7-4668-BE54-9A1E7A4F7556}") = "DataAccess", "DataAccess\DataAccess.csproj", "{0B69A42E-6C40-4C84-95A8-950394ED12A9}"
EndProject
Project("{9A19103F-16F7-4668-BE54-9A1E7A4F7556}") = "WebAPI", "WebAPI\WebAPI.csproj", "{029A9464-6734-4AEC-873E-5E5A56FA5E4C}"
EndProject
Global
	GlobalSection(SolutionConfigurationPlatforms) = preSolution
		Debug|Any CPU = Debug|Any CPU
		Release|Any CPU = Release|Any CPU
	EndGlobalSection
	GlobalSection(ProjectConfigurationPlatforms) = postSolution
		{09E60905-5D8D-4D24-B5C4-DCF6E8A49EA8}.Debug|Any CPU.ActiveCfg = Debug|Any CPU
		{09E60905-5D8D-4D24-B5C4-DCF6E8A49EA8}.Debug|Any CPU.Build.0 = Debug|Any CPU
		{09E60905-5D8D-4D24-B5C4-DCF6E8A49EA8}.Release|Any CPU.ActiveCfg = Debug|Any CPU
		{09E60905-5D8D-4D24-B5C4-DCF6E8A49EA8}.Release|Any CPU.Build.0 = Debug|Any CPU
		{116D52FF-2C34-4649-A989-6FDE14A2E563}.Debug|Any CPU.ActiveCfg = Debug|Any CPU
		{116D52FF-2C34-4649-A989-6FDE14A2E563}.Debug|Any CPU.Build.0 = Debug|Any CPU
		{116D52FF-2C34-4649-A989-6FDE14A2E563}.Release|Any CPU.ActiveCfg = Debug|Any CPU
		{116D52FF-2C34-4649-A989-6FDE14A2E563}.Release|Any CPU.Build.0 = Debug|Any CPU
		{CF09F9E2-BAF9-4292-80B0-21D47C4AA5BB}.Debug|Any CPU.ActiveCfg = Debug|Any CPU
		{CF09F9E2-BAF9-4292-80B0-21D47C4AA5BB}.Debug|Any CPU.Build.0 = Debug|Any CPU
		{CF09F9E2-BAF9-4292-80B0-21D47C4AA5BB}.Release|Any CPU.ActiveCfg = Debug|Any CPU
		{CF09F9E2-BAF9-4292-80B0-21D47C4AA5BB}.Release|Any CPU.Build.0 = Debug|Any CPU
		{5683F7F0-C3D3-4E05-A749-365338FBCF77}.Debug|Any CPU.ActiveCfg = Debug|Any CPU
		{5683F7F0-C3D3-4E05-A749-365338FBCF77}.Debug|Any CPU.Build.0 = Debug|Any CPU
		{5683F7F0-C3D3-4E05-A749-365338FBCF77}.Release|Any CPU.ActiveCfg = Debug|Any CPU
		{5683F7F0-C3D3-4E05-A749-365338FBCF77}.Release|Any CPU.Build.0 = Debug|Any CPU
		{8E2E94C0-F22E-4ABA-BE9C-8C2A2441AA57}.Debug|Any CPU.ActiveCfg = Debug|Any CPU
		{8E2E94C0-F22E-4ABA-BE9C-8C2A2441AA57}.Debug|Any CPU.Build.0 = Debug|Any CPU
		{8E2E94C0-F22E-4ABA-BE9C-8C2A2441AA57}.Release|Any CPU.ActiveCfg = Debug|Any CPU
		{8E2E94C0-F22E-4ABA-BE9C-8C2A2441AA57}.Release|Any CPU.Build.0 = Debug|Any CPU
		{0B69A42E-6C40-4C84-95A8-950394ED12A9}.Debug|Any CPU.ActiveCfg = Debug|Any CPU
		{0B69A42E-6C40-4C84-95A8-950394ED12A9}.Debug|Any CPU.Build.0 = Debug|Any CPU
		{0B69A42E-6C40-4C84-95A8-950394ED12A9}.Release|Any CPU.ActiveCfg = Debug|Any CPU
		{0B69A42E-6C40-4C84-95A8-950394ED12A9}.Release|Any CPU.Build.0 = Debug|Any CPU
		{029A9464-6734-4AEC-873E-5E5A56FA5E4C}.Debug|Any CPU.ActiveCfg = Debug|Any CPU
		{029A9464-6734-4AEC-873E-5E5A56FA5E4C}.Debug|Any CPU.Build.0 = Debug|Any CPU
		{029A9464-6734-4AEC-873E-5E5A56FA5E4C}.Release|Any CPU.ActiveCfg = Debug|Any CPU
		{029A9464-6734-4AEC-873E-5E5A56FA5E4C}.Release|Any CPU.Build.0 = Debug|Any CPU
	EndGlobalSection
	GlobalSection(SolutionProperties) = preSolution
		HideSolutionNode = FALSE
	EndGlobalSection
	GlobalSection(ExtensibilityGlobals) = postSolution
		SolutionGuid = {9E7B7E2F-7F56-4C20-AFEE-2497B04E1AB6}
	EndGlobalSection
EndGlobal
